// !$*UTF8*$!
{
	archiveVersion = 1;
	classes = {
	};
	objectVersion = 50;
	objects = {

/* Begin PBXBuildFile section */
		3FC979DEA17BBB8C01E88955 /* Pods_WeightTests.framework in Frameworks */ = {isa = PBXBuildFile; fileRef = D8DC947AEB568A8419A09CDF /* Pods_WeightTests.framework */; };
		9892F603FC0ABF1B6FAF44FC /* Pods_Weight.framework in Frameworks */ = {isa = PBXBuildFile; fileRef = 9FC7DB89697767A1525AB5B6 /* Pods_Weight.framework */; };
		CEAFEB6925ECA1C100261EB4 /* AppDelegate.swift in Sources */ = {isa = PBXBuildFile; fileRef = CEAFEB6825ECA1C100261EB4 /* AppDelegate.swift */; };
		CEAFEB6B25ECA1C100261EB4 /* SceneDelegate.swift in Sources */ = {isa = PBXBuildFile; fileRef = CEAFEB6A25ECA1C100261EB4 /* SceneDelegate.swift */; };
		CEAFEB7225ECA1C400261EB4 /* Assets.xcassets in Resources */ = {isa = PBXBuildFile; fileRef = CEAFEB7125ECA1C400261EB4 /* Assets.xcassets */; };
		CEAFEB7525ECA1C400261EB4 /* LaunchScreen.storyboard in Resources */ = {isa = PBXBuildFile; fileRef = CEAFEB7325ECA1C400261EB4 /* LaunchScreen.storyboard */; };
		CEAFEB8025ECA1C500261EB4 /* WeightTests.swift in Sources */ = {isa = PBXBuildFile; fileRef = CEAFEB7F25ECA1C500261EB4 /* WeightTests.swift */; };
		CEAFEB8B25ECA1C500261EB4 /* WeightUITests.swift in Sources */ = {isa = PBXBuildFile; fileRef = CEAFEB8A25ECA1C500261EB4 /* WeightUITests.swift */; };
		CEAFEBBE25ECA86900261EB4 /* Camera.storyboard in Resources */ = {isa = PBXBuildFile; fileRef = CEAFEBBD25ECA86900261EB4 /* Camera.storyboard */; };
		CEAFEBC325ECA88000261EB4 /* CameraViewController.swift in Sources */ = {isa = PBXBuildFile; fileRef = CEAFEBC225ECA88000261EB4 /* CameraViewController.swift */; };
		CEAFEBF925ECCE2800261EB4 /* Data.storyboard in Resources */ = {isa = PBXBuildFile; fileRef = CEAFEBF825ECCE2800261EB4 /* Data.storyboard */; };
		CEAFEBFE25ECCE3300261EB4 /* DataViewController.swift in Sources */ = {isa = PBXBuildFile; fileRef = CEAFEBFD25ECCE3300261EB4 /* DataViewController.swift */; };
		D0EA8C132F379AEA665EC554 /* Pods_Weight_WeightUITests.framework in Frameworks */ = {isa = PBXBuildFile; fileRef = B0DA61A551CD1EBE5150AC4E /* Pods_Weight_WeightUITests.framework */; };
/* End PBXBuildFile section */

/* Begin PBXContainerItemProxy section */
		CEAFEB7C25ECA1C500261EB4 /* PBXContainerItemProxy */ = {
			isa = PBXContainerItemProxy;
			containerPortal = CEAFEB5D25ECA1C100261EB4 /* Project object */;
			proxyType = 1;
			remoteGlobalIDString = CEAFEB6425ECA1C100261EB4;
			remoteInfo = Weight;
		};
		CEAFEB8725ECA1C500261EB4 /* PBXContainerItemProxy */ = {
			isa = PBXContainerItemProxy;
			containerPortal = CEAFEB5D25ECA1C100261EB4 /* Project object */;
			proxyType = 1;
			remoteGlobalIDString = CEAFEB6425ECA1C100261EB4;
			remoteInfo = Weight;
		};
/* End PBXContainerItemProxy section */

/* Begin PBXFileReference section */
		37ED153B8F6E70DB154EC45C /* Pods-Weight.debug.xcconfig */ = {isa = PBXFileReference; includeInIndex = 1; lastKnownFileType = text.xcconfig; name = "Pods-Weight.debug.xcconfig"; path = "Target Support Files/Pods-Weight/Pods-Weight.debug.xcconfig"; sourceTree = "<group>"; };
		4C93345C02F60CCCBEF7BF8E /* Pods-Weight.release.xcconfig */ = {isa = PBXFileReference; includeInIndex = 1; lastKnownFileType = text.xcconfig; name = "Pods-Weight.release.xcconfig"; path = "Target Support Files/Pods-Weight/Pods-Weight.release.xcconfig"; sourceTree = "<group>"; };
		58505F0C60ECBC6DE89D2C8B /* Pods-WeightTests.release.xcconfig */ = {isa = PBXFileReference; includeInIndex = 1; lastKnownFileType = text.xcconfig; name = "Pods-WeightTests.release.xcconfig"; path = "Target Support Files/Pods-WeightTests/Pods-WeightTests.release.xcconfig"; sourceTree = "<group>"; };
		77C2987635714EAFDD289C74 /* Pods-Weight-WeightUITests.release.xcconfig */ = {isa = PBXFileReference; includeInIndex = 1; lastKnownFileType = text.xcconfig; name = "Pods-Weight-WeightUITests.release.xcconfig"; path = "Target Support Files/Pods-Weight-WeightUITests/Pods-Weight-WeightUITests.release.xcconfig"; sourceTree = "<group>"; };
		9FC7DB89697767A1525AB5B6 /* Pods_Weight.framework */ = {isa = PBXFileReference; explicitFileType = wrapper.framework; includeInIndex = 0; path = Pods_Weight.framework; sourceTree = BUILT_PRODUCTS_DIR; };
		B0DA61A551CD1EBE5150AC4E /* Pods_Weight_WeightUITests.framework */ = {isa = PBXFileReference; explicitFileType = wrapper.framework; includeInIndex = 0; path = Pods_Weight_WeightUITests.framework; sourceTree = BUILT_PRODUCTS_DIR; };
		BA2E8B9FB16DC79EAC04F412 /* Pods-WeightTests.debug.xcconfig */ = {isa = PBXFileReference; includeInIndex = 1; lastKnownFileType = text.xcconfig; name = "Pods-WeightTests.debug.xcconfig"; path = "Target Support Files/Pods-WeightTests/Pods-WeightTests.debug.xcconfig"; sourceTree = "<group>"; };
		BB1F4BBA45D75D305E3BFF2A /* Pods-Weight-WeightUITests.debug.xcconfig */ = {isa = PBXFileReference; includeInIndex = 1; lastKnownFileType = text.xcconfig; name = "Pods-Weight-WeightUITests.debug.xcconfig"; path = "Target Support Files/Pods-Weight-WeightUITests/Pods-Weight-WeightUITests.debug.xcconfig"; sourceTree = "<group>"; };
		CEAFEB6525ECA1C100261EB4 /* Weight.app */ = {isa = PBXFileReference; explicitFileType = wrapper.application; includeInIndex = 0; path = Weight.app; sourceTree = BUILT_PRODUCTS_DIR; };
		CEAFEB6825ECA1C100261EB4 /* AppDelegate.swift */ = {isa = PBXFileReference; lastKnownFileType = sourcecode.swift; path = AppDelegate.swift; sourceTree = "<group>"; };
		CEAFEB6A25ECA1C100261EB4 /* SceneDelegate.swift */ = {isa = PBXFileReference; lastKnownFileType = sourcecode.swift; path = SceneDelegate.swift; sourceTree = "<group>"; };
		CEAFEB7125ECA1C400261EB4 /* Assets.xcassets */ = {isa = PBXFileReference; lastKnownFileType = folder.assetcatalog; path = Assets.xcassets; sourceTree = "<group>"; };
		CEAFEB7425ECA1C400261EB4 /* Base */ = {isa = PBXFileReference; lastKnownFileType = file.storyboard; name = Base; path = Base.lproj/LaunchScreen.storyboard; sourceTree = "<group>"; };
		CEAFEB7625ECA1C400261EB4 /* Info.plist */ = {isa = PBXFileReference; lastKnownFileType = text.plist.xml; path = Info.plist; sourceTree = "<group>"; };
		CEAFEB7B25ECA1C500261EB4 /* WeightTests.xctest */ = {isa = PBXFileReference; explicitFileType = wrapper.cfbundle; includeInIndex = 0; path = WeightTests.xctest; sourceTree = BUILT_PRODUCTS_DIR; };
		CEAFEB7F25ECA1C500261EB4 /* WeightTests.swift */ = {isa = PBXFileReference; lastKnownFileType = sourcecode.swift; path = WeightTests.swift; sourceTree = "<group>"; };
		CEAFEB8125ECA1C500261EB4 /* Info.plist */ = {isa = PBXFileReference; lastKnownFileType = text.plist.xml; path = Info.plist; sourceTree = "<group>"; };
		CEAFEB8625ECA1C500261EB4 /* WeightUITests.xctest */ = {isa = PBXFileReference; explicitFileType = wrapper.cfbundle; includeInIndex = 0; path = WeightUITests.xctest; sourceTree = BUILT_PRODUCTS_DIR; };
		CEAFEB8A25ECA1C500261EB4 /* WeightUITests.swift */ = {isa = PBXFileReference; lastKnownFileType = sourcecode.swift; path = WeightUITests.swift; sourceTree = "<group>"; };
		CEAFEB8C25ECA1C500261EB4 /* Info.plist */ = {isa = PBXFileReference; lastKnownFileType = text.plist.xml; path = Info.plist; sourceTree = "<group>"; };
		CEAFEBBD25ECA86900261EB4 /* Camera.storyboard */ = {isa = PBXFileReference; lastKnownFileType = file.storyboard; path = Camera.storyboard; sourceTree = "<group>"; };
		CEAFEBC225ECA88000261EB4 /* CameraViewController.swift */ = {isa = PBXFileReference; lastKnownFileType = sourcecode.swift; path = CameraViewController.swift; sourceTree = "<group>"; };
		CEAFEBF825ECCE2800261EB4 /* Data.storyboard */ = {isa = PBXFileReference; lastKnownFileType = file.storyboard; path = Data.storyboard; sourceTree = "<group>"; };
		CEAFEBFD25ECCE3300261EB4 /* DataViewController.swift */ = {isa = PBXFileReference; lastKnownFileType = sourcecode.swift; path = DataViewController.swift; sourceTree = "<group>"; };
		D8DC947AEB568A8419A09CDF /* Pods_WeightTests.framework */ = {isa = PBXFileReference; explicitFileType = wrapper.framework; includeInIndex = 0; path = Pods_WeightTests.framework; sourceTree = BUILT_PRODUCTS_DIR; };
/* End PBXFileReference section */

/* Begin PBXFrameworksBuildPhase section */
		CEAFEB6225ECA1C100261EB4 /* Frameworks */ = {
			isa = PBXFrameworksBuildPhase;
			buildActionMask = 2147483647;
			files = (
				9892F603FC0ABF1B6FAF44FC /* Pods_Weight.framework in Frameworks */,
			);
			runOnlyForDeploymentPostprocessing = 0;
		};
		CEAFEB7825ECA1C500261EB4 /* Frameworks */ = {
			isa = PBXFrameworksBuildPhase;
			buildActionMask = 2147483647;
			files = (
				3FC979DEA17BBB8C01E88955 /* Pods_WeightTests.framework in Frameworks */,
			);
			runOnlyForDeploymentPostprocessing = 0;
		};
		CEAFEB8325ECA1C500261EB4 /* Frameworks */ = {
			isa = PBXFrameworksBuildPhase;
			buildActionMask = 2147483647;
			files = (
				D0EA8C132F379AEA665EC554 /* Pods_Weight_WeightUITests.framework in Frameworks */,
			);
			runOnlyForDeploymentPostprocessing = 0;
		};
/* End PBXFrameworksBuildPhase section */

/* Begin PBXGroup section */
		0DA092AFE35A3560AF59B2B1 /* Pods */ = {
			isa = PBXGroup;
			children = (
				37ED153B8F6E70DB154EC45C /* Pods-Weight.debug.xcconfig */,
				4C93345C02F60CCCBEF7BF8E /* Pods-Weight.release.xcconfig */,
				BB1F4BBA45D75D305E3BFF2A /* Pods-Weight-WeightUITests.debug.xcconfig */,
				77C2987635714EAFDD289C74 /* Pods-Weight-WeightUITests.release.xcconfig */,
				BA2E8B9FB16DC79EAC04F412 /* Pods-WeightTests.debug.xcconfig */,
				58505F0C60ECBC6DE89D2C8B /* Pods-WeightTests.release.xcconfig */,
			);
			path = Pods;
			sourceTree = "<group>";
		};
		C4D1CABF8A4CE2DE9A2A3CEC /* Frameworks */ = {
			isa = PBXGroup;
			children = (
				9FC7DB89697767A1525AB5B6 /* Pods_Weight.framework */,
				B0DA61A551CD1EBE5150AC4E /* Pods_Weight_WeightUITests.framework */,
				D8DC947AEB568A8419A09CDF /* Pods_WeightTests.framework */,
			);
			name = Frameworks;
			sourceTree = "<group>";
		};
		CEAFEB5C25ECA1C100261EB4 = {
			isa = PBXGroup;
			children = (
				CEAFEB6725ECA1C100261EB4 /* Weight */,
				CEAFEB7E25ECA1C500261EB4 /* WeightTests */,
				CEAFEB8925ECA1C500261EB4 /* WeightUITests */,
				CEAFEB6625ECA1C100261EB4 /* Products */,
				0DA092AFE35A3560AF59B2B1 /* Pods */,
				C4D1CABF8A4CE2DE9A2A3CEC /* Frameworks */,
			);
			sourceTree = "<group>";
		};
		CEAFEB6625ECA1C100261EB4 /* Products */ = {
			isa = PBXGroup;
			children = (
				CEAFEB6525ECA1C100261EB4 /* Weight.app */,
				CEAFEB7B25ECA1C500261EB4 /* WeightTests.xctest */,
				CEAFEB8625ECA1C500261EB4 /* WeightUITests.xctest */,
			);
			name = Products;
			sourceTree = "<group>";
		};
		CEAFEB6725ECA1C100261EB4 /* Weight */ = {
			isa = PBXGroup;
			children = (
				CEAFEBF725ECCE1E00261EB4 /* Data */,
				CEAFEBB925ECA80800261EB4 /* Camera */,
				CEAFEB6825ECA1C100261EB4 /* AppDelegate.swift */,
				CEAFEB6A25ECA1C100261EB4 /* SceneDelegate.swift */,
				CEAFEB7125ECA1C400261EB4 /* Assets.xcassets */,
				CEAFEB7325ECA1C400261EB4 /* LaunchScreen.storyboard */,
				CEAFEB7625ECA1C400261EB4 /* Info.plist */,
			);
			path = Weight;
			sourceTree = "<group>";
		};
		CEAFEB7E25ECA1C500261EB4 /* WeightTests */ = {
			isa = PBXGroup;
			children = (
				CEAFEB7F25ECA1C500261EB4 /* WeightTests.swift */,
				CEAFEB8125ECA1C500261EB4 /* Info.plist */,
			);
			path = WeightTests;
			sourceTree = "<group>";
		};
		CEAFEB8925ECA1C500261EB4 /* WeightUITests */ = {
			isa = PBXGroup;
			children = (
				CEAFEB8A25ECA1C500261EB4 /* WeightUITests.swift */,
				CEAFEB8C25ECA1C500261EB4 /* Info.plist */,
			);
			path = WeightUITests;
			sourceTree = "<group>";
		};
		CEAFEBB925ECA80800261EB4 /* Camera */ = {
			isa = PBXGroup;
			children = (
				CEAFEBBC25ECA82C00261EB4 /* Model */,
				CEAFEBBB25ECA82700261EB4 /* ViewModel */,
				CEAFEBBA25ECA82000261EB4 /* View */,
			);
			path = Camera;
			sourceTree = "<group>";
		};
		CEAFEBBA25ECA82000261EB4 /* View */ = {
			isa = PBXGroup;
			children = (
				CEAFEBBD25ECA86900261EB4 /* Camera.storyboard */,
				CEAFEBC225ECA88000261EB4 /* CameraViewController.swift */,
			);
			path = View;
			sourceTree = "<group>";
		};
		CEAFEBBB25ECA82700261EB4 /* ViewModel */ = {
			isa = PBXGroup;
			children = (
			);
			path = ViewModel;
			sourceTree = "<group>";
		};
		CEAFEBBC25ECA82C00261EB4 /* Model */ = {
			isa = PBXGroup;
			children = (
			);
			path = Model;
			sourceTree = "<group>";
		};
		CEAFEBF725ECCE1E00261EB4 /* Data */ = {
			isa = PBXGroup;
			children = (
				CEAFEC0425ECCFBF00261EB4 /* Model */,
				CEAFEC0325ECCFB800261EB4 /* ViewModel */,
				CEAFEC0225ECCFB400261EB4 /* View */,
			);
			path = Data;
			sourceTree = "<group>";
		};
		CEAFEC0225ECCFB400261EB4 /* View */ = {
			isa = PBXGroup;
			children = (
				CEAFEBF825ECCE2800261EB4 /* Data.storyboard */,
				CEAFEBFD25ECCE3300261EB4 /* DataViewController.swift */,
			);
			path = View;
			sourceTree = "<group>";
		};
		CEAFEC0325ECCFB800261EB4 /* ViewModel */ = {
			isa = PBXGroup;
			children = (
			);
			path = ViewModel;
			sourceTree = "<group>";
		};
		CEAFEC0425ECCFBF00261EB4 /* Model */ = {
			isa = PBXGroup;
			children = (
			);
			path = Model;
			sourceTree = "<group>";
		};
/* End PBXGroup section */

/* Begin PBXNativeTarget section */
		CEAFEB6425ECA1C100261EB4 /* Weight */ = {
			isa = PBXNativeTarget;
			buildConfigurationList = CEAFEB8F25ECA1C500261EB4 /* Build configuration list for PBXNativeTarget "Weight" */;
			buildPhases = (
				1C8FD974265DB6E47F1C5BD4 /* [CP] Check Pods Manifest.lock */,
				CEAFEB6125ECA1C100261EB4 /* Sources */,
				CEAFEB6225ECA1C100261EB4 /* Frameworks */,
				CEAFEB6325ECA1C100261EB4 /* Resources */,
				CEAFEBD725ECC09700261EB4 /* ShellScript */,
			);
			buildRules = (
			);
			dependencies = (
			);
			name = Weight;
			productName = Weight;
			productReference = CEAFEB6525ECA1C100261EB4 /* Weight.app */;
			productType = "com.apple.product-type.application";
		};
		CEAFEB7A25ECA1C500261EB4 /* WeightTests */ = {
			isa = PBXNativeTarget;
			buildConfigurationList = CEAFEB9225ECA1C500261EB4 /* Build configuration list for PBXNativeTarget "WeightTests" */;
			buildPhases = (
				4320488E3422B6E251A2980A /* [CP] Check Pods Manifest.lock */,
				CEAFEB7725ECA1C500261EB4 /* Sources */,
				CEAFEB7825ECA1C500261EB4 /* Frameworks */,
				CEAFEB7925ECA1C500261EB4 /* Resources */,
			);
			buildRules = (
			);
			dependencies = (
				CEAFEB7D25ECA1C500261EB4 /* PBXTargetDependency */,
			);
			name = WeightTests;
			productName = WeightTests;
			productReference = CEAFEB7B25ECA1C500261EB4 /* WeightTests.xctest */;
			productType = "com.apple.product-type.bundle.unit-test";
		};
		CEAFEB8525ECA1C500261EB4 /* WeightUITests */ = {
			isa = PBXNativeTarget;
			buildConfigurationList = CEAFEB9525ECA1C500261EB4 /* Build configuration list for PBXNativeTarget "WeightUITests" */;
			buildPhases = (
				6F58C62A199EF23F968E8657 /* [CP] Check Pods Manifest.lock */,
				CEAFEB8225ECA1C500261EB4 /* Sources */,
				CEAFEB8325ECA1C500261EB4 /* Frameworks */,
				CEAFEB8425ECA1C500261EB4 /* Resources */,
			);
			buildRules = (
			);
			dependencies = (
				CEAFEB8825ECA1C500261EB4 /* PBXTargetDependency */,
			);
			name = WeightUITests;
			productName = WeightUITests;
			productReference = CEAFEB8625ECA1C500261EB4 /* WeightUITests.xctest */;
			productType = "com.apple.product-type.bundle.ui-testing";
		};
/* End PBXNativeTarget section */

/* Begin PBXProject section */
		CEAFEB5D25ECA1C100261EB4 /* Project object */ = {
			isa = PBXProject;
			attributes = {
				LastSwiftUpdateCheck = 1230;
				LastUpgradeCheck = 1230;
				TargetAttributes = {
					CEAFEB6425ECA1C100261EB4 = {
						CreatedOnToolsVersion = 12.3;
					};
					CEAFEB7A25ECA1C500261EB4 = {
						CreatedOnToolsVersion = 12.3;
						TestTargetID = CEAFEB6425ECA1C100261EB4;
					};
					CEAFEB8525ECA1C500261EB4 = {
						CreatedOnToolsVersion = 12.3;
						TestTargetID = CEAFEB6425ECA1C100261EB4;
					};
				};
			};
			buildConfigurationList = CEAFEB6025ECA1C100261EB4 /* Build configuration list for PBXProject "Weight" */;
			compatibilityVersion = "Xcode 9.3";
			developmentRegion = en;
			hasScannedForEncodings = 0;
			knownRegions = (
				en,
				Base,
			);
			mainGroup = CEAFEB5C25ECA1C100261EB4;
			productRefGroup = CEAFEB6625ECA1C100261EB4 /* Products */;
			projectDirPath = "";
			projectRoot = "";
			targets = (
				CEAFEB6425ECA1C100261EB4 /* Weight */,
				CEAFEB7A25ECA1C500261EB4 /* WeightTests */,
				CEAFEB8525ECA1C500261EB4 /* WeightUITests */,
			);
		};
/* End PBXProject section */

/* Begin PBXResourcesBuildPhase section */
		CEAFEB6325ECA1C100261EB4 /* Resources */ = {
			isa = PBXResourcesBuildPhase;
			buildActionMask = 2147483647;
			files = (
				CEAFEBF925ECCE2800261EB4 /* Data.storyboard in Resources */,
				CEAFEB7525ECA1C400261EB4 /* LaunchScreen.storyboard in Resources */,
				CEAFEBBE25ECA86900261EB4 /* Camera.storyboard in Resources */,
				CEAFEB7225ECA1C400261EB4 /* Assets.xcassets in Resources */,
			);
			runOnlyForDeploymentPostprocessing = 0;
		};
		CEAFEB7925ECA1C500261EB4 /* Resources */ = {
			isa = PBXResourcesBuildPhase;
			buildActionMask = 2147483647;
			files = (
			);
			runOnlyForDeploymentPostprocessing = 0;
		};
		CEAFEB8425ECA1C500261EB4 /* Resources */ = {
			isa = PBXResourcesBuildPhase;
			buildActionMask = 2147483647;
			files = (
			);
			runOnlyForDeploymentPostprocessing = 0;
		};
/* End PBXResourcesBuildPhase section */

/* Begin PBXShellScriptBuildPhase section */
		1C8FD974265DB6E47F1C5BD4 /* [CP] Check Pods Manifest.lock */ = {
			isa = PBXShellScriptBuildPhase;
			buildActionMask = 2147483647;
			files = (
			);
			inputFileListPaths = (
			);
			inputPaths = (
				"${PODS_PODFILE_DIR_PATH}/Podfile.lock",
				"${PODS_ROOT}/Manifest.lock",
			);
			name = "[CP] Check Pods Manifest.lock";
			outputFileListPaths = (
			);
			outputPaths = (
				"$(DERIVED_FILE_DIR)/Pods-Weight-checkManifestLockResult.txt",
			);
			runOnlyForDeploymentPostprocessing = 0;
			shellPath = /bin/sh;
			shellScript = "diff \"${PODS_PODFILE_DIR_PATH}/Podfile.lock\" \"${PODS_ROOT}/Manifest.lock\" > /dev/null\nif [ $? != 0 ] ; then\n    # print error to STDERR\n    echo \"error: The sandbox is not in sync with the Podfile.lock. Run 'pod install' or update your CocoaPods installation.\" >&2\n    exit 1\nfi\n# This output is used by Xcode 'outputs' to avoid re-running this script phase.\necho \"SUCCESS\" > \"${SCRIPT_OUTPUT_FILE_0}\"\n";
			showEnvVarsInLog = 0;
		};
		4320488E3422B6E251A2980A /* [CP] Check Pods Manifest.lock */ = {
			isa = PBXShellScriptBuildPhase;
			buildActionMask = 2147483647;
			files = (
			);
			inputFileListPaths = (
			);
			inputPaths = (
				"${PODS_PODFILE_DIR_PATH}/Podfile.lock",
				"${PODS_ROOT}/Manifest.lock",
			);
			name = "[CP] Check Pods Manifest.lock";
			outputFileListPaths = (
			);
			outputPaths = (
				"$(DERIVED_FILE_DIR)/Pods-WeightTests-checkManifestLockResult.txt",
			);
			runOnlyForDeploymentPostprocessing = 0;
			shellPath = /bin/sh;
			shellScript = "diff \"${PODS_PODFILE_DIR_PATH}/Podfile.lock\" \"${PODS_ROOT}/Manifest.lock\" > /dev/null\nif [ $? != 0 ] ; then\n    # print error to STDERR\n    echo \"error: The sandbox is not in sync with the Podfile.lock. Run 'pod install' or update your CocoaPods installation.\" >&2\n    exit 1\nfi\n# This output is used by Xcode 'outputs' to avoid re-running this script phase.\necho \"SUCCESS\" > \"${SCRIPT_OUTPUT_FILE_0}\"\n";
			showEnvVarsInLog = 0;
		};
		6F58C62A199EF23F968E8657 /* [CP] Check Pods Manifest.lock */ = {
			isa = PBXShellScriptBuildPhase;
			buildActionMask = 2147483647;
			files = (
			);
			inputFileListPaths = (
			);
			inputPaths = (
				"${PODS_PODFILE_DIR_PATH}/Podfile.lock",
				"${PODS_ROOT}/Manifest.lock",
			);
			name = "[CP] Check Pods Manifest.lock";
			outputFileListPaths = (
			);
			outputPaths = (
				"$(DERIVED_FILE_DIR)/Pods-Weight-WeightUITests-checkManifestLockResult.txt",
			);
			runOnlyForDeploymentPostprocessing = 0;
			shellPath = /bin/sh;
			shellScript = "diff \"${PODS_PODFILE_DIR_PATH}/Podfile.lock\" \"${PODS_ROOT}/Manifest.lock\" > /dev/null\nif [ $? != 0 ] ; then\n    # print error to STDERR\n    echo \"error: The sandbox is not in sync with the Podfile.lock. Run 'pod install' or update your CocoaPods installation.\" >&2\n    exit 1\nfi\n# This output is used by Xcode 'outputs' to avoid re-running this script phase.\necho \"SUCCESS\" > \"${SCRIPT_OUTPUT_FILE_0}\"\n";
			showEnvVarsInLog = 0;
		};
		CEAFEBD725ECC09700261EB4 /* ShellScript */ = {
			isa = PBXShellScriptBuildPhase;
			buildActionMask = 2147483647;
			files = (
			);
			inputFileListPaths = (
			);
			inputPaths = (
			);
			outputFileListPaths = (
			);
			outputPaths = (
			);
			runOnlyForDeploymentPostprocessing = 0;
			shellPath = /bin/sh;
			shellScript = "# Type a script or drag a script file from your workspace to insert its path.\n${PODS_ROOT}/SwiftLint/swiftlint\n";
		};
/* End PBXShellScriptBuildPhase section */

/* Begin PBXSourcesBuildPhase section */
		CEAFEB6125ECA1C100261EB4 /* Sources */ = {
			isa = PBXSourcesBuildPhase;
			buildActionMask = 2147483647;
			files = (
				CEAFEBFE25ECCE3300261EB4 /* DataViewController.swift in Sources */,
				CEAFEB6925ECA1C100261EB4 /* AppDelegate.swift in Sources */,
				CEAFEB6B25ECA1C100261EB4 /* SceneDelegate.swift in Sources */,
				CEAFEBC325ECA88000261EB4 /* CameraViewController.swift in Sources */,
			);
			runOnlyForDeploymentPostprocessing = 0;
		};
		CEAFEB7725ECA1C500261EB4 /* Sources */ = {
			isa = PBXSourcesBuildPhase;
			buildActionMask = 2147483647;
			files = (
				CEAFEB8025ECA1C500261EB4 /* WeightTests.swift in Sources */,
			);
			runOnlyForDeploymentPostprocessing = 0;
		};
		CEAFEB8225ECA1C500261EB4 /* Sources */ = {
			isa = PBXSourcesBuildPhase;
			buildActionMask = 2147483647;
			files = (
				CEAFEB8B25ECA1C500261EB4 /* WeightUITests.swift in Sources */,
			);
			runOnlyForDeploymentPostprocessing = 0;
		};
/* End PBXSourcesBuildPhase section */

/* Begin PBXTargetDependency section */
		CEAFEB7D25ECA1C500261EB4 /* PBXTargetDependency */ = {
			isa = PBXTargetDependency;
			target = CEAFEB6425ECA1C100261EB4 /* Weight */;
			targetProxy = CEAFEB7C25ECA1C500261EB4 /* PBXContainerItemProxy */;
		};
		CEAFEB8825ECA1C500261EB4 /* PBXTargetDependency */ = {
			isa = PBXTargetDependency;
			target = CEAFEB6425ECA1C100261EB4 /* Weight */;
			targetProxy = CEAFEB8725ECA1C500261EB4 /* PBXContainerItemProxy */;
		};
/* End PBXTargetDependency section */

/* Begin PBXVariantGroup section */
		CEAFEB7325ECA1C400261EB4 /* LaunchScreen.storyboard */ = {
			isa = PBXVariantGroup;
			children = (
				CEAFEB7425ECA1C400261EB4 /* Base */,
			);
			name = LaunchScreen.storyboard;
			sourceTree = "<group>";
		};
/* End PBXVariantGroup section */

/* Begin XCBuildConfiguration section */
		CEAFEB8D25ECA1C500261EB4 /* Debug */ = {
			isa = XCBuildConfiguration;
			buildSettings = {
				ALWAYS_SEARCH_USER_PATHS = NO;
				CLANG_ANALYZER_NONNULL = YES;
				CLANG_ANALYZER_NUMBER_OBJECT_CONVERSION = YES_AGGRESSIVE;
				CLANG_CXX_LANGUAGE_STANDARD = "gnu++14";
				CLANG_CXX_LIBRARY = "libc++";
				CLANG_ENABLE_MODULES = YES;
				CLANG_ENABLE_OBJC_ARC = YES;
				CLANG_ENABLE_OBJC_WEAK = YES;
				CLANG_WARN_BLOCK_CAPTURE_AUTORELEASING = YES;
				CLANG_WARN_BOOL_CONVERSION = YES;
				CLANG_WARN_COMMA = YES;
				CLANG_WARN_CONSTANT_CONVERSION = YES;
				CLANG_WARN_DEPRECATED_OBJC_IMPLEMENTATIONS = YES;
				CLANG_WARN_DIRECT_OBJC_ISA_USAGE = YES_ERROR;
				CLANG_WARN_DOCUMENTATION_COMMENTS = YES;
				CLANG_WARN_EMPTY_BODY = YES;
				CLANG_WARN_ENUM_CONVERSION = YES;
				CLANG_WARN_INFINITE_RECURSION = YES;
				CLANG_WARN_INT_CONVERSION = YES;
				CLANG_WARN_NON_LITERAL_NULL_CONVERSION = YES;
				CLANG_WARN_OBJC_IMPLICIT_RETAIN_SELF = YES;
				CLANG_WARN_OBJC_LITERAL_CONVERSION = YES;
				CLANG_WARN_OBJC_ROOT_CLASS = YES_ERROR;
				CLANG_WARN_QUOTED_INCLUDE_IN_FRAMEWORK_HEADER = YES;
				CLANG_WARN_RANGE_LOOP_ANALYSIS = YES;
				CLANG_WARN_STRICT_PROTOTYPES = YES;
				CLANG_WARN_SUSPICIOUS_MOVE = YES;
				CLANG_WARN_UNGUARDED_AVAILABILITY = YES_AGGRESSIVE;
				CLANG_WARN_UNREACHABLE_CODE = YES;
				CLANG_WARN__DUPLICATE_METHOD_MATCH = YES;
				COPY_PHASE_STRIP = NO;
				DEBUG_INFORMATION_FORMAT = dwarf;
				ENABLE_STRICT_OBJC_MSGSEND = YES;
				ENABLE_TESTABILITY = YES;
				GCC_C_LANGUAGE_STANDARD = gnu11;
				GCC_DYNAMIC_NO_PIC = NO;
				GCC_NO_COMMON_BLOCKS = YES;
				GCC_OPTIMIZATION_LEVEL = 0;
				GCC_PREPROCESSOR_DEFINITIONS = (
					"DEBUG=1",
					"$(inherited)",
				);
				GCC_WARN_64_TO_32_BIT_CONVERSION = YES;
				GCC_WARN_ABOUT_RETURN_TYPE = YES_ERROR;
				GCC_WARN_UNDECLARED_SELECTOR = YES;
				GCC_WARN_UNINITIALIZED_AUTOS = YES_AGGRESSIVE;
				GCC_WARN_UNUSED_FUNCTION = YES;
				GCC_WARN_UNUSED_VARIABLE = YES;
				IPHONEOS_DEPLOYMENT_TARGET = 14.3;
				MTL_ENABLE_DEBUG_INFO = INCLUDE_SOURCE;
				MTL_FAST_MATH = YES;
				ONLY_ACTIVE_ARCH = YES;
				SDKROOT = iphoneos;
				SWIFT_ACTIVE_COMPILATION_CONDITIONS = DEBUG;
				SWIFT_OPTIMIZATION_LEVEL = "-Onone";
			};
			name = Debug;
		};
		CEAFEB8E25ECA1C500261EB4 /* Release */ = {
			isa = XCBuildConfiguration;
			buildSettings = {
				ALWAYS_SEARCH_USER_PATHS = NO;
				CLANG_ANALYZER_NONNULL = YES;
				CLANG_ANALYZER_NUMBER_OBJECT_CONVERSION = YES_AGGRESSIVE;
				CLANG_CXX_LANGUAGE_STANDARD = "gnu++14";
				CLANG_CXX_LIBRARY = "libc++";
				CLANG_ENABLE_MODULES = YES;
				CLANG_ENABLE_OBJC_ARC = YES;
				CLANG_ENABLE_OBJC_WEAK = YES;
				CLANG_WARN_BLOCK_CAPTURE_AUTORELEASING = YES;
				CLANG_WARN_BOOL_CONVERSION = YES;
				CLANG_WARN_COMMA = YES;
				CLANG_WARN_CONSTANT_CONVERSION = YES;
				CLANG_WARN_DEPRECATED_OBJC_IMPLEMENTATIONS = YES;
				CLANG_WARN_DIRECT_OBJC_ISA_USAGE = YES_ERROR;
				CLANG_WARN_DOCUMENTATION_COMMENTS = YES;
				CLANG_WARN_EMPTY_BODY = YES;
				CLANG_WARN_ENUM_CONVERSION = YES;
				CLANG_WARN_INFINITE_RECURSION = YES;
				CLANG_WARN_INT_CONVERSION = YES;
				CLANG_WARN_NON_LITERAL_NULL_CONVERSION = YES;
				CLANG_WARN_OBJC_IMPLICIT_RETAIN_SELF = YES;
				CLANG_WARN_OBJC_LITERAL_CONVERSION = YES;
				CLANG_WARN_OBJC_ROOT_CLASS = YES_ERROR;
				CLANG_WARN_QUOTED_INCLUDE_IN_FRAMEWORK_HEADER = YES;
				CLANG_WARN_RANGE_LOOP_ANALYSIS = YES;
				CLANG_WARN_STRICT_PROTOTYPES = YES;
				CLANG_WARN_SUSPICIOUS_MOVE = YES;
				CLANG_WARN_UNGUARDED_AVAILABILITY = YES_AGGRESSIVE;
				CLANG_WARN_UNREACHABLE_CODE = YES;
				CLANG_WARN__DUPLICATE_METHOD_MATCH = YES;
				COPY_PHASE_STRIP = NO;
				DEBUG_INFORMATION_FORMAT = "dwarf-with-dsym";
				ENABLE_NS_ASSERTIONS = NO;
				ENABLE_STRICT_OBJC_MSGSEND = YES;
				GCC_C_LANGUAGE_STANDARD = gnu11;
				GCC_NO_COMMON_BLOCKS = YES;
				GCC_WARN_64_TO_32_BIT_CONVERSION = YES;
				GCC_WARN_ABOUT_RETURN_TYPE = YES_ERROR;
				GCC_WARN_UNDECLARED_SELECTOR = YES;
				GCC_WARN_UNINITIALIZED_AUTOS = YES_AGGRESSIVE;
				GCC_WARN_UNUSED_FUNCTION = YES;
				GCC_WARN_UNUSED_VARIABLE = YES;
				IPHONEOS_DEPLOYMENT_TARGET = 14.3;
				MTL_ENABLE_DEBUG_INFO = NO;
				MTL_FAST_MATH = YES;
				SDKROOT = iphoneos;
				SWIFT_COMPILATION_MODE = wholemodule;
				SWIFT_OPTIMIZATION_LEVEL = "-O";
				VALIDATE_PRODUCT = YES;
			};
			name = Release;
		};
		CEAFEB9025ECA1C500261EB4 /* Debug */ = {
			isa = XCBuildConfiguration;
			baseConfigurationReference = 37ED153B8F6E70DB154EC45C /* Pods-Weight.debug.xcconfig */;
			buildSettings = {
				ASSETCATALOG_COMPILER_APPICON_NAME = AppIcon;
				ASSETCATALOG_COMPILER_GLOBAL_ACCENT_COLOR_NAME = AccentColor;
				CODE_SIGN_IDENTITY = "Apple Development";
				CODE_SIGN_STYLE = Automatic;
				DEVELOPMENT_TEAM = D35HWT4TYC;
				INFOPLIST_FILE = Weight/Info.plist;
				LD_RUNPATH_SEARCH_PATHS = (
					"$(inherited)",
					"@executable_path/Frameworks",
				);
				PRODUCT_BUNDLE_IDENTIFIER = j.won.Weight;
				PRODUCT_NAME = "$(TARGET_NAME)";
				PROVISIONING_PROFILE_SPECIFIER = "";
				SWIFT_VERSION = 5.0;
				TARGETED_DEVICE_FAMILY = "1,2";
			};
			name = Debug;
		};
		CEAFEB9125ECA1C500261EB4 /* Release */ = {
			isa = XCBuildConfiguration;
			baseConfigurationReference = 4C93345C02F60CCCBEF7BF8E /* Pods-Weight.release.xcconfig */;
			buildSettings = {
				ASSETCATALOG_COMPILER_APPICON_NAME = AppIcon;
				ASSETCATALOG_COMPILER_GLOBAL_ACCENT_COLOR_NAME = AccentColor;
				CODE_SIGN_IDENTITY = "Apple Development";
				CODE_SIGN_STYLE = Automatic;
				DEVELOPMENT_TEAM = D35HWT4TYC;
				INFOPLIST_FILE = Weight/Info.plist;
				LD_RUNPATH_SEARCH_PATHS = (
					"$(inherited)",
					"@executable_path/Frameworks",
				);
				PRODUCT_BUNDLE_IDENTIFIER = j.won.Weight;
				PRODUCT_NAME = "$(TARGET_NAME)";
				PROVISIONING_PROFILE_SPECIFIER = "";
				SWIFT_VERSION = 5.0;
				TARGETED_DEVICE_FAMILY = "1,2";
			};
			name = Release;
		};
		CEAFEB9325ECA1C500261EB4 /* Debug */ = {
			isa = XCBuildConfiguration;
			baseConfigurationReference = BA2E8B9FB16DC79EAC04F412 /* Pods-WeightTests.debug.xcconfig */;
			buildSettings = {
				ALWAYS_EMBED_SWIFT_STANDARD_LIBRARIES = YES;
				BUNDLE_LOADER = "$(TEST_HOST)";
				CODE_SIGN_STYLE = Automatic;
				DEVELOPMENT_TEAM = D35HWT4TYC;
				INFOPLIST_FILE = WeightTests/Info.plist;
				IPHONEOS_DEPLOYMENT_TARGET = 14.3;
				LD_RUNPATH_SEARCH_PATHS = (
					"$(inherited)",
					"@executable_path/Frameworks",
					"@loader_path/Frameworks",
				);
				PRODUCT_BUNDLE_IDENTIFIER = j.won.WeightTests;
				PRODUCT_NAME = "$(TARGET_NAME)";
				SWIFT_VERSION = 5.0;
				TARGETED_DEVICE_FAMILY = "1,2";
				TEST_HOST = "$(BUILT_PRODUCTS_DIR)/Weight.app/Weight";
			};
			name = Debug;
		};
		CEAFEB9425ECA1C500261EB4 /* Release */ = {
			isa = XCBuildConfiguration;
			baseConfigurationReference = 58505F0C60ECBC6DE89D2C8B /* Pods-WeightTests.release.xcconfig */;
			buildSettings = {
				ALWAYS_EMBED_SWIFT_STANDARD_LIBRARIES = YES;
				BUNDLE_LOADER = "$(TEST_HOST)";
				CODE_SIGN_STYLE = Automatic;
				DEVELOPMENT_TEAM = D35HWT4TYC;
				INFOPLIST_FILE = WeightTests/Info.plist;
				IPHONEOS_DEPLOYMENT_TARGET = 14.3;
				LD_RUNPATH_SEARCH_PATHS = (
					"$(inherited)",
					"@executable_path/Frameworks",
					"@loader_path/Frameworks",
				);
				PRODUCT_BUNDLE_IDENTIFIER = j.won.WeightTests;
				PRODUCT_NAME = "$(TARGET_NAME)";
				SWIFT_VERSION = 5.0;
				TARGETED_DEVICE_FAMILY = "1,2";
				TEST_HOST = "$(BUILT_PRODUCTS_DIR)/Weight.app/Weight";
			};
			name = Release;
		};
		CEAFEB9625ECA1C500261EB4 /* Debug */ = {
			isa = XCBuildConfiguration;
			baseConfigurationReference = BB1F4BBA45D75D305E3BFF2A /* Pods-Weight-WeightUITests.debug.xcconfig */;
			buildSettings = {
				ALWAYS_EMBED_SWIFT_STANDARD_LIBRARIES = YES;
				CODE_SIGN_STYLE = Automatic;
				DEVELOPMENT_TEAM = D35HWT4TYC;
				INFOPLIST_FILE = WeightUITests/Info.plist;
				LD_RUNPATH_SEARCH_PATHS = (
					"$(inherited)",
					"@executable_path/Frameworks",
					"@loader_path/Frameworks",
				);
				PRODUCT_BUNDLE_IDENTIFIER = j.won.WeightUITests;
				PRODUCT_NAME = "$(TARGET_NAME)";
				SWIFT_VERSION = 5.0;
				TARGETED_DEVICE_FAMILY = "1,2";
				TEST_TARGET_NAME = Weight;
			};
			name = Debug;
		};
		CEAFEB9725ECA1C500261EB4 /* Release */ = {
			isa = XCBuildConfiguration;
			baseConfigurationReference = 77C2987635714EAFDD289C74 /* Pods-Weight-WeightUITests.release.xcconfig */;
			buildSettings = {
				ALWAYS_EMBED_SWIFT_STANDARD_LIBRARIES = YES;
				CODE_SIGN_STYLE = Automatic;
				DEVELOPMENT_TEAM = D35HWT4TYC;
				INFOPLIST_FILE = WeightUITests/Info.plist;
				LD_RUNPATH_SEARCH_PATHS = (
					"$(inherited)",
					"@executable_path/Frameworks",
					"@loader_path/Frameworks",
				);
				PRODUCT_BUNDLE_IDENTIFIER = j.won.WeightUITests;
				PRODUCT_NAME = "$(TARGET_NAME)";
				SWIFT_VERSION = 5.0;
				TARGETED_DEVICE_FAMILY = "1,2";
				TEST_TARGET_NAME = Weight;
			};
			name = Release;
		};
/* End XCBuildConfiguration section */

/* Begin XCConfigurationList section */
		CEAFEB6025ECA1C100261EB4 /* Build configuration list for PBXProject "Weight" */ = {
			isa = XCConfigurationList;
			buildConfigurations = (
				CEAFEB8D25ECA1C500261EB4 /* Debug */,
				CEAFEB8E25ECA1C500261EB4 /* Release */,
			);
			defaultConfigurationIsVisible = 0;
			defaultConfigurationName = Release;
		};
		CEAFEB8F25ECA1C500261EB4 /* Build configuration list for PBXNativeTarget "Weight" */ = {
			isa = XCConfigurationList;
			buildConfigurations = (
				CEAFEB9025ECA1C500261EB4 /* Debug */,
				CEAFEB9125ECA1C500261EB4 /* Release */,
			);
			defaultConfigurationIsVisible = 0;
			defaultConfigurationName = Release;
		};
		CEAFEB9225ECA1C500261EB4 /* Build configuration list for PBXNativeTarget "WeightTests" */ = {
			isa = XCConfigurationList;
			buildConfigurations = (
				CEAFEB9325ECA1C500261EB4 /* Debug */,
				CEAFEB9425ECA1C500261EB4 /* Release */,
			);
			defaultConfigurationIsVisible = 0;
			defaultConfigurationName = Release;
		};
		CEAFEB9525ECA1C500261EB4 /* Build configuration list for PBXNativeTarget "WeightUITests" */ = {
			isa = XCConfigurationList;
			buildConfigurations = (
				CEAFEB9625ECA1C500261EB4 /* Debug */,
				CEAFEB9725ECA1C500261EB4 /* Release */,
			);
			defaultConfigurationIsVisible = 0;
			defaultConfigurationName = Release;
		};
/* End XCConfigurationList section */
	};
	rootObject = CEAFEB5D25ECA1C100261EB4 /* Project object */;
}
